// !$*UTF8*$!
{
	archiveVersion = 1;
	classes = {
	};
	objectVersion = 48;
	objects = {

/* Begin PBXBuildFile section */
		C15F025420639ECE0052E7C4 /* AppDelegate.m in Sources */ = {isa = PBXBuildFile; fileRef = C15F025320639ECE0052E7C4 /* AppDelegate.m */; };
		C15F025720639ECE0052E7C4 /* ViewController.m in Sources */ = {isa = PBXBuildFile; fileRef = C15F025620639ECE0052E7C4 /* ViewController.m */; };
		C15F025A20639ECE0052E7C4 /* Main.storyboard in Resources */ = {isa = PBXBuildFile; fileRef = C15F025820639ECE0052E7C4 /* Main.storyboard */; };
		C15F025C20639ECE0052E7C4 /* Assets.xcassets in Resources */ = {isa = PBXBuildFile; fileRef = C15F025B20639ECE0052E7C4 /* Assets.xcassets */; };
		C15F025F20639ECE0052E7C4 /* LaunchScreen.storyboard in Resources */ = {isa = PBXBuildFile; fileRef = C15F025D20639ECE0052E7C4 /* LaunchScreen.storyboard */; };
		C15F026220639ECE0052E7C4 /* main.m in Sources */ = {isa = PBXBuildFile; fileRef = C15F026120639ECE0052E7C4 /* main.m */; };
		C15F026C20639ECE0052E7C4 /* JenkinsTestTests.m in Sources */ = {isa = PBXBuildFile; fileRef = C15F026B20639ECE0052E7C4 /* JenkinsTestTests.m */; };
		C15F027720639ECE0052E7C4 /* JenkinsTestUITests.m in Sources */ = {isa = PBXBuildFile; fileRef = C15F027620639ECE0052E7C4 /* JenkinsTestUITests.m */; };
/* End PBXBuildFile section */

/* Begin PBXContainerItemProxy section */
		C15F026820639ECE0052E7C4 /* PBXContainerItemProxy */ = {
			isa = PBXContainerItemProxy;
			containerPortal = C15F024720639ECE0052E7C4 /* Project object */;
			proxyType = 1;
			remoteGlobalIDString = C15F024E20639ECE0052E7C4;
			remoteInfo = JenkinsTest;
		};
		C15F027320639ECE0052E7C4 /* PBXContainerItemProxy */ = {
			isa = PBXContainerItemProxy;
			containerPortal = C15F024720639ECE0052E7C4 /* Project object */;
			proxyType = 1;
			remoteGlobalIDString = C15F024E20639ECE0052E7C4;
			remoteInfo = JenkinsTest;
		};
/* End PBXContainerItemProxy section */

/* Begin PBXFileReference section */
		C15F024F20639ECE0052E7C4 /* JenkinsTest.app */ = {isa = PBXFileReference; explicitFileType = wrapper.application; includeInIndex = 0; path = JenkinsTest.app; sourceTree = BUILT_PRODUCTS_DIR; };
		C15F025220639ECE0052E7C4 /* AppDelegate.h */ = {isa = PBXFileReference; lastKnownFileType = sourcecode.c.h; path = AppDelegate.h; sourceTree = "<group>"; };
		C15F025320639ECE0052E7C4 /* AppDelegate.m */ = {isa = PBXFileReference; lastKnownFileType = sourcecode.c.objc; path = AppDelegate.m; sourceTree = "<group>"; };
		C15F025520639ECE0052E7C4 /* ViewController.h */ = {isa = PBXFileReference; lastKnownFileType = sourcecode.c.h; path = ViewController.h; sourceTree = "<group>"; };
		C15F025620639ECE0052E7C4 /* ViewController.m */ = {isa = PBXFileReference; lastKnownFileType = sourcecode.c.objc; path = ViewController.m; sourceTree = "<group>"; };
		C15F025920639ECE0052E7C4 /* Base */ = {isa = PBXFileReference; lastKnownFileType = file.storyboard; name = Base; path = Base.lproj/Main.storyboard; sourceTree = "<group>"; };
		C15F025B20639ECE0052E7C4 /* Assets.xcassets */ = {isa = PBXFileReference; lastKnownFileType = folder.assetcatalog; path = Assets.xcassets; sourceTree = "<group>"; };
		C15F025E20639ECE0052E7C4 /* Base */ = {isa = PBXFileReference; lastKnownFileType = file.storyboard; name = Base; path = Base.lproj/LaunchScreen.storyboard; sourceTree = "<group>"; };
		C15F026020639ECE0052E7C4 /* Info.plist */ = {isa = PBXFileReference; lastKnownFileType = text.plist.xml; path = Info.plist; sourceTree = "<group>"; };
		C15F026120639ECE0052E7C4 /* main.m */ = {isa = PBXFileReference; lastKnownFileType = sourcecode.c.objc; path = main.m; sourceTree = "<group>"; };
		C15F026720639ECE0052E7C4 /* JenkinsTestTests.xctest */ = {isa = PBXFileReference; explicitFileType = wrapper.cfbundle; includeInIndex = 0; path = JenkinsTestTests.xctest; sourceTree = BUILT_PRODUCTS_DIR; };
		C15F026B20639ECE0052E7C4 /* JenkinsTestTests.m */ = {isa = PBXFileReference; lastKnownFileType = sourcecode.c.objc; path = JenkinsTestTests.m; sourceTree = "<group>"; };
		C15F026D20639ECE0052E7C4 /* Info.plist */ = {isa = PBXFileReference; lastKnownFileType = text.plist.xml; path = Info.plist; sourceTree = "<group>"; };
		C15F027220639ECE0052E7C4 /* JenkinsTestUITests.xctest */ = {isa = PBXFileReference; explicitFileType = wrapper.cfbundle; includeInIndex = 0; path = JenkinsTestUITests.xctest; sourceTree = BUILT_PRODUCTS_DIR; };
		C15F027620639ECE0052E7C4 /* JenkinsTestUITests.m */ = {isa = PBXFileReference; lastKnownFileType = sourcecode.c.objc; path = JenkinsTestUITests.m; sourceTree = "<group>"; };
		C15F027820639ECE0052E7C4 /* Info.plist */ = {isa = PBXFileReference; lastKnownFileType = text.plist.xml; path = Info.plist; sourceTree = "<group>"; };
/* End PBXFileReference section */

/* Begin PBXFrameworksBuildPhase section */
		C15F024C20639ECE0052E7C4 /* Frameworks */ = {
			isa = PBXFrameworksBuildPhase;
			buildActionMask = 2147483647;
			files = (
			);
			runOnlyForDeploymentPostprocessing = 0;
		};
		C15F026420639ECE0052E7C4 /* Frameworks */ = {
			isa = PBXFrameworksBuildPhase;
			buildActionMask = 2147483647;
			files = (
			);
			runOnlyForDeploymentPostprocessing = 0;
		};
		C15F026F20639ECE0052E7C4 /* Frameworks */ = {
			isa = PBXFrameworksBuildPhase;
			buildActionMask = 2147483647;
			files = (
			);
			runOnlyForDeploymentPostprocessing = 0;
		};
/* End PBXFrameworksBuildPhase section */

/* Begin PBXGroup section */
		C15F024620639ECE0052E7C4 = {
			isa = PBXGroup;
			children = (
				C15F025120639ECE0052E7C4 /* JenkinsTest */,
				C15F026A20639ECE0052E7C4 /* JenkinsTestTests */,
				C15F027520639ECE0052E7C4 /* JenkinsTestUITests */,
				C15F025020639ECE0052E7C4 /* Products */,
			);
			sourceTree = "<group>";
		};
		C15F025020639ECE0052E7C4 /* Products */ = {
			isa = PBXGroup;
			children = (
				C15F024F20639ECE0052E7C4 /* JenkinsTest.app */,
				C15F026720639ECE0052E7C4 /* JenkinsTestTests.xctest */,
				C15F027220639ECE0052E7C4 /* JenkinsTestUITests.xctest */,
			);
			name = Products;
			sourceTree = "<group>";
		};
		C15F025120639ECE0052E7C4 /* JenkinsTest */ = {
			isa = PBXGroup;
			children = (
				C15F025220639ECE0052E7C4 /* AppDelegate.h */,
				C15F025320639ECE0052E7C4 /* AppDelegate.m */,
				C15F025520639ECE0052E7C4 /* ViewController.h */,
				C15F025620639ECE0052E7C4 /* ViewController.m */,
				C15F025820639ECE0052E7C4 /* Main.storyboard */,
				C15F025B20639ECE0052E7C4 /* Assets.xcassets */,
				C15F025D20639ECE0052E7C4 /* LaunchScreen.storyboard */,
				C15F026020639ECE0052E7C4 /* Info.plist */,
				C15F026120639ECE0052E7C4 /* main.m */,
			);
			path = JenkinsTest;
			sourceTree = "<group>";
		};
		C15F026A20639ECE0052E7C4 /* JenkinsTestTests */ = {
			isa = PBXGroup;
			children = (
				C15F026B20639ECE0052E7C4 /* JenkinsTestTests.m */,
				C15F026D20639ECE0052E7C4 /* Info.plist */,
			);
			path = JenkinsTestTests;
			sourceTree = "<group>";
		};
		C15F027520639ECE0052E7C4 /* JenkinsTestUITests */ = {
			isa = PBXGroup;
			children = (
				C15F027620639ECE0052E7C4 /* JenkinsTestUITests.m */,
				C15F027820639ECE0052E7C4 /* Info.plist */,
			);
			path = JenkinsTestUITests;
			sourceTree = "<group>";
		};
/* End PBXGroup section */

/* Begin PBXNativeTarget section */
		C15F024E20639ECE0052E7C4 /* JenkinsTest */ = {
			isa = PBXNativeTarget;
			buildConfigurationList = C15F027B20639ECE0052E7C4 /* Build configuration list for PBXNativeTarget "JenkinsTest" */;
			buildPhases = (
				C15F024B20639ECE0052E7C4 /* Sources */,
				C15F024C20639ECE0052E7C4 /* Frameworks */,
				C15F024D20639ECE0052E7C4 /* Resources */,
			);
			buildRules = (
			);
			dependencies = (
			);
			name = JenkinsTest;
			productName = JenkinsTest;
			productReference = C15F024F20639ECE0052E7C4 /* JenkinsTest.app */;
			productType = "com.apple.product-type.application";
		};
		C15F026620639ECE0052E7C4 /* JenkinsTestTests */ = {
			isa = PBXNativeTarget;
			buildConfigurationList = C15F027E20639ECE0052E7C4 /* Build configuration list for PBXNativeTarget "JenkinsTestTests" */;
			buildPhases = (
				C15F026320639ECE0052E7C4 /* Sources */,
				C15F026420639ECE0052E7C4 /* Frameworks */,
				C15F026520639ECE0052E7C4 /* Resources */,
			);
			buildRules = (
			);
			dependencies = (
				C15F026920639ECE0052E7C4 /* PBXTargetDependency */,
			);
			name = JenkinsTestTests;
			productName = JenkinsTestTests;
			productReference = C15F026720639ECE0052E7C4 /* JenkinsTestTests.xctest */;
			productType = "com.apple.product-type.bundle.unit-test";
		};
		C15F027120639ECE0052E7C4 /* JenkinsTestUITests */ = {
			isa = PBXNativeTarget;
			buildConfigurationList = C15F028120639ECE0052E7C4 /* Build configuration list for PBXNativeTarget "JenkinsTestUITests" */;
			buildPhases = (
				C15F026E20639ECE0052E7C4 /* Sources */,
				C15F026F20639ECE0052E7C4 /* Frameworks */,
				C15F027020639ECE0052E7C4 /* Resources */,
			);
			buildRules = (
			);
			dependencies = (
				C15F027420639ECE0052E7C4 /* PBXTargetDependency */,
			);
			name = JenkinsTestUITests;
			productName = JenkinsTestUITests;
			productReference = C15F027220639ECE0052E7C4 /* JenkinsTestUITests.xctest */;
			productType = "com.apple.product-type.bundle.ui-testing";
		};
/* End PBXNativeTarget section */

/* Begin PBXProject section */
		C15F024720639ECE0052E7C4 /* Project object */ = {
			isa = PBXProject;
			attributes = {
				LastUpgradeCheck = 0920;
				ORGANIZATIONNAME = lish;
				TargetAttributes = {
					C15F024E20639ECE0052E7C4 = {
						CreatedOnToolsVersion = 9.2;
						ProvisioningStyle = Automatic;
					};
					C15F026620639ECE0052E7C4 = {
						CreatedOnToolsVersion = 9.2;
						ProvisioningStyle = Automatic;
						TestTargetID = C15F024E20639ECE0052E7C4;
					};
					C15F027120639ECE0052E7C4 = {
						CreatedOnToolsVersion = 9.2;
						ProvisioningStyle = Automatic;
						TestTargetID = C15F024E20639ECE0052E7C4;
					};
				};
			};
			buildConfigurationList = C15F024A20639ECE0052E7C4 /* Build configuration list for PBXProject "JenkinsTest" */;
			compatibilityVersion = "Xcode 8.0";
			developmentRegion = en;
			hasScannedForEncodings = 0;
			knownRegions = (
				en,
				Base,
			);
			mainGroup = C15F024620639ECE0052E7C4;
			productRefGroup = C15F025020639ECE0052E7C4 /* Products */;
			projectDirPath = "";
			projectRoot = "";
			targets = (
				C15F024E20639ECE0052E7C4 /* JenkinsTest */,
				C15F026620639ECE0052E7C4 /* JenkinsTestTests */,
				C15F027120639ECE0052E7C4 /* JenkinsTestUITests */,
			);
		};
/* End PBXProject section */

/* Begin PBXResourcesBuildPhase section */
		C15F024D20639ECE0052E7C4 /* Resources */ = {
			isa = PBXResourcesBuildPhase;
			buildActionMask = 2147483647;
			files = (
				C15F025F20639ECE0052E7C4 /* LaunchScreen.storyboard in Resources */,
				C15F025C20639ECE0052E7C4 /* Assets.xcassets in Resources */,
				C15F025A20639ECE0052E7C4 /* Main.storyboard in Resources */,
			);
			runOnlyForDeploymentPostprocessing = 0;
		};
		C15F026520639ECE0052E7C4 /* Resources */ = {
			isa = PBXResourcesBuildPhase;
			buildActionMask = 2147483647;
			files = (
			);
			runOnlyForDeploymentPostprocessing = 0;
		};
		C15F027020639ECE0052E7C4 /* Resources */ = {
			isa = PBXResourcesBuildPhase;
			buildActionMask = 2147483647;
			files = (
			);
			runOnlyForDeploymentPostprocessing = 0;
		};
/* End PBXResourcesBuildPhase section */

/* Begin PBXSourcesBuildPhase section */
		C15F024B20639ECE0052E7C4 /* Sources */ = {
			isa = PBXSourcesBuildPhase;
			buildActionMask = 2147483647;
			files = (
				C15F025720639ECE0052E7C4 /* ViewController.m in Sources */,
				C15F026220639ECE0052E7C4 /* main.m in Sources */,
				C15F025420639ECE0052E7C4 /* AppDelegate.m in Sources */,
			);
			runOnlyForDeploymentPostprocessing = 0;
		};
		C15F026320639ECE0052E7C4 /* Sources */ = {
			isa = PBXSourcesBuildPhase;
			buildActionMask = 2147483647;
			files = (
				C15F026C20639ECE0052E7C4 /* JenkinsTestTests.m in Sources */,
			);
			runOnlyForDeploymentPostprocessing = 0;
		};
		C15F026E20639ECE0052E7C4 /* Sources */ = {
			isa = PBXSourcesBuildPhase;
			buildActionMask = 2147483647;
			files = (
				C15F027720639ECE0052E7C4 /* JenkinsTestUITests.m in Sources */,
			);
			runOnlyForDeploymentPostprocessing = 0;
		};
/* End PBXSourcesBuildPhase section */

/* Begin PBXTargetDependency section */
		C15F026920639ECE0052E7C4 /* PBXTargetDependency */ = {
			isa = PBXTargetDependency;
			target = C15F024E20639ECE0052E7C4 /* JenkinsTest */;
			targetProxy = C15F026820639ECE0052E7C4 /* PBXContainerItemProxy */;
		};
		C15F027420639ECE0052E7C4 /* PBXTargetDependency */ = {
			isa = PBXTargetDependency;
			target = C15F024E20639ECE0052E7C4 /* JenkinsTest */;
			targetProxy = C15F027320639ECE0052E7C4 /* PBXContainerItemProxy */;
		};
/* End PBXTargetDependency section */

/* Begin PBXVariantGroup section */
		C15F025820639ECE0052E7C4 /* Main.storyboard */ = {
			isa = PBXVariantGroup;
			children = (
				C15F025920639ECE0052E7C4 /* Base */,
			);
			name = Main.storyboard;
			sourceTree = "<group>";
		};
		C15F025D20639ECE0052E7C4 /* LaunchScreen.storyboard */ = {
			isa = PBXVariantGroup;
			children = (
				C15F025E20639ECE0052E7C4 /* Base */,
			);
			name = LaunchScreen.storyboard;
			sourceTree = "<group>";
		};
/* End PBXVariantGroup section */

/* Begin XCBuildConfiguration section */
		C15F027920639ECE0052E7C4 /* Debug */ = {
			isa = XCBuildConfiguration;
			buildSettings = {
				ALWAYS_SEARCH_USER_PATHS = NO;
				CLANG_ANALYZER_NONNULL = YES;
				CLANG_ANALYZER_NUMBER_OBJECT_CONVERSION = YES_AGGRESSIVE;
				CLANG_CXX_LANGUAGE_STANDARD = "gnu++14";
				CLANG_CXX_LIBRARY = "libc++";
				CLANG_ENABLE_MODULES = YES;
				CLANG_ENABLE_OBJC_ARC = YES;
				CLANG_WARN_BLOCK_CAPTURE_AUTORELEASING = YES;
				CLANG_WARN_BOOL_CONVERSION = YES;
				CLANG_WARN_COMMA = YES;
				CLANG_WARN_CONSTANT_CONVERSION = YES;
				CLANG_WARN_DIRECT_OBJC_ISA_USAGE = YES_ERROR;
				CLANG_WARN_DOCUMENTATION_COMMENTS = YES;
				CLANG_WARN_EMPTY_BODY = YES;
				CLANG_WARN_ENUM_CONVERSION = YES;
				CLANG_WARN_INFINITE_RECURSION = YES;
				CLANG_WARN_INT_CONVERSION = YES;
				CLANG_WARN_NON_LITERAL_NULL_CONVERSION = YES;
				CLANG_WARN_OBJC_LITERAL_CONVERSION = YES;
				CLANG_WARN_OBJC_ROOT_CLASS = YES_ERROR;
				CLANG_WARN_RANGE_LOOP_ANALYSIS = YES;
				CLANG_WARN_STRICT_PROTOTYPES = YES;
				CLANG_WARN_SUSPICIOUS_MOVE = YES;
				CLANG_WARN_UNGUARDED_AVAILABILITY = YES_AGGRESSIVE;
				CLANG_WARN_UNREACHABLE_CODE = YES;
				CLANG_WARN__DUPLICATE_METHOD_MATCH = YES;
				CODE_SIGN_IDENTITY = "iPhone Developer";
				COPY_PHASE_STRIP = NO;
				DEBUG_INFORMATION_FORMAT = dwarf;
				ENABLE_STRICT_OBJC_MSGSEND = YES;
				ENABLE_TESTABILITY = YES;
				GCC_C_LANGUAGE_STANDARD = gnu11;
				GCC_DYNAMIC_NO_PIC = NO;
				GCC_NO_COMMON_BLOCKS = YES;
				GCC_OPTIMIZATION_LEVEL = 0;
				GCC_PREPROCESSOR_DEFINITIONS = (
					"DEBUG=1",
					"$(inherited)",
				);
				GCC_WARN_64_TO_32_BIT_CONVERSION = YES;
				GCC_WARN_ABOUT_RETURN_TYPE = YES_ERROR;
				GCC_WARN_UNDECLARED_SELECTOR = YES;
				GCC_WARN_UNINITIALIZED_AUTOS = YES_AGGRESSIVE;
				GCC_WARN_UNUSED_FUNCTION = YES;
				GCC_WARN_UNUSED_VARIABLE = YES;
				IPHONEOS_DEPLOYMENT_TARGET = 11.2;
				MTL_ENABLE_DEBUG_INFO = YES;
				ONLY_ACTIVE_ARCH = YES;
				SDKROOT = iphoneos;
			};
			name = Debug;
		};
		C15F027A20639ECE0052E7C4 /* Release */ = {
			isa = XCBuildConfiguration;
			buildSettings = {
				ALWAYS_SEARCH_USER_PATHS = NO;
				CLANG_ANALYZER_NONNULL = YES;
				CLANG_ANALYZER_NUMBER_OBJECT_CONVERSION = YES_AGGRESSIVE;
				CLANG_CXX_LANGUAGE_STANDARD = "gnu++14";
				CLANG_CXX_LIBRARY = "libc++";
				CLANG_ENABLE_MODULES = YES;
				CLANG_ENABLE_OBJC_ARC = YES;
				CLANG_WARN_BLOCK_CAPTURE_AUTORELEASING = YES;
				CLANG_WARN_BOOL_CONVERSION = YES;
				CLANG_WARN_COMMA = YES;
				CLANG_WARN_CONSTANT_CONVERSION = YES;
				CLANG_WARN_DIRECT_OBJC_ISA_USAGE = YES_ERROR;
				CLANG_WARN_DOCUMENTATION_COMMENTS = YES;
				CLANG_WARN_EMPTY_BODY = YES;
				CLANG_WARN_ENUM_CONVERSION = YES;
				CLANG_WARN_INFINITE_RECURSION = YES;
				CLANG_WARN_INT_CONVERSION = YES;
				CLANG_WARN_NON_LITERAL_NULL_CONVERSION = YES;
				CLANG_WARN_OBJC_LITERAL_CONVERSION = YES;
				CLANG_WARN_OBJC_ROOT_CLASS = YES_ERROR;
				CLANG_WARN_RANGE_LOOP_ANALYSIS = YES;
				CLANG_WARN_STRICT_PROTOTYPES = YES;
				CLANG_WARN_SUSPICIOUS_MOVE = YES;
				CLANG_WARN_UNGUARDED_AVAILABILITY = YES_AGGRESSIVE;
				CLANG_WARN_UNREACHABLE_CODE = YES;
				CLANG_WARN__DUPLICATE_METHOD_MATCH = YES;
				CODE_SIGN_IDENTITY = "iPhone Developer";
				COPY_PHASE_STRIP = NO;
				DEBUG_INFORMATION_FORMAT = "dwarf-with-dsym";
				ENABLE_NS_ASSERTIONS = NO;
				ENABLE_STRICT_OBJC_MSGSEND = YES;
				GCC_C_LANGUAGE_STANDARD = gnu11;
				GCC_NO_COMMON_BLOCKS = YES;
				GCC_WARN_64_TO_32_BIT_CONVERSION = YES;
				GCC_WARN_ABOUT_RETURN_TYPE = YES_ERROR;
				GCC_WARN_UNDECLARED_SELECTOR = YES;
				GCC_WARN_UNINITIALIZED_AUTOS = YES_AGGRESSIVE;
				GCC_WARN_UNUSED_FUNCTION = YES;
				GCC_WARN_UNUSED_VARIABLE = YES;
				IPHONEOS_DEPLOYMENT_TARGET = 11.2;
				MTL_ENABLE_DEBUG_INFO = NO;
				SDKROOT = iphoneos;
				VALIDATE_PRODUCT = YES;
			};
			name = Release;
		};
		C15F027C20639ECE0052E7C4 /* Debug */ = {
			isa = XCBuildConfiguration;
			buildSettings = {
				ASSETCATALOG_COMPILER_APPICON_NAME = AppIcon;
				CODE_SIGN_STYLE = Automatic;
				DEVELOPMENT_TEAM = QSKYXS8264;
				INFOPLIST_FILE = JenkinsTest/Info.plist;
				LD_RUNPATH_SEARCH_PATHS = "$(inherited) @executable_path/Frameworks";
				PRODUCT_BUNDLE_IDENTIFIER = com.lish.JenkinsTest;
				PRODUCT_NAME = "$(TARGET_NAME)";
				TARGETED_DEVICE_FAMILY = "1,2";
			};
			name = Debug;
		};
		C15F027D20639ECE0052E7C4 /* Release */ = {
			isa = XCBuildConfiguration;
			buildSettings = {
				ASSETCATALOG_COMPILER_APPICON_NAME = AppIcon;
				CODE_SIGN_STYLE = Automatic;
				DEVELOPMENT_TEAM = QSKYXS8264;
				INFOPLIST_FILE = JenkinsTest/Info.plist;
				LD_RUNPATH_SEARCH_PATHS = "$(inherited) @executable_path/Frameworks";
				PRODUCT_BUNDLE_IDENTIFIER = com.lish.JenkinsTest;
				PRODUCT_NAME = "$(TARGET_NAME)";
				TARGETED_DEVICE_FAMILY = "1,2";
			};
			name = Release;
		};
		C15F027F20639ECE0052E7C4 /* Debug */ = {
			isa = XCBuildConfiguration;
			buildSettings = {
				BUNDLE_LOADER = "$(TEST_HOST)";
				CODE_SIGN_STYLE = Automatic;
				DEVELOPMENT_TEAM = QSKYXS8264;
				INFOPLIST_FILE = JenkinsTestTests/Info.plist;
				LD_RUNPATH_SEARCH_PATHS = "$(inherited) @executable_path/Frameworks @loader_path/Frameworks";
				PRODUCT_BUNDLE_IDENTIFIER = com.lish.JenkinsTestTests;
				PRODUCT_NAME = "$(TARGET_NAME)";
				TARGETED_DEVICE_FAMILY = "1,2";
				TEST_HOST = "$(BUILT_PRODUCTS_DIR)/JenkinsTest.app/JenkinsTest";
			};
			name = Debug;
		};
		C15F028020639ECE0052E7C4 /* Release */ = {
			isa = XCBuildConfiguration;
			buildSettings = {
				BUNDLE_LOADER = "$(TEST_HOST)";
				CODE_SIGN_STYLE = Automatic;
				DEVELOPMENT_TEAM = QSKYXS8264;
				INFOPLIST_FILE = JenkinsTestTests/Info.plist;
				LD_RUNPATH_SEARCH_PATHS = "$(inherited) @executable_path/Frameworks @loader_path/Frameworks";
				PRODUCT_BUNDLE_IDENTIFIER = com.lish.JenkinsTestTests;
				PRODUCT_NAME = "$(TARGET_NAME)";
				TARGETED_DEVICE_FAMILY = "1,2";
				TEST_HOST = "$(BUILT_PRODUCTS_DIR)/JenkinsTest.app/JenkinsTest";
			};
			name = Release;
		};
		C15F028220639ECE0052E7C4 /* Debug */ = {
			isa = XCBuildConfiguration;
			buildSettings = {
				CODE_SIGN_STYLE = Automatic;
				DEVELOPMENT_TEAM = QSKYXS8264;
				INFOPLIST_FILE = JenkinsTestUITests/Info.plist;
				LD_RUNPATH_SEARCH_PATHS = "$(inherited) @executable_path/Frameworks @loader_path/Frameworks";
				PRODUCT_BUNDLE_IDENTIFIER = com.lish.JenkinsTestUITests;
				PRODUCT_NAME = "$(TARGET_NAME)";
				TARGETED_DEVICE_FAMILY = "1,2";
				TEST_TARGET_NAME = JenkinsTest;
			};
			name = Debug;
		};
		C15F028320639ECE0052E7C4 /* Release */ = {
			isa = XCBuildConfiguration;
			buildSettings = {
				CODE_SIGN_STYLE = Automatic;
				DEVELOPMENT_TEAM = QSKYXS8264;
				INFOPLIST_FILE = JenkinsTestUITests/Info.plist;
				LD_RUNPATH_SEARCH_PATHS = "$(inherited) @executable_path/Frameworks @loader_path/Frameworks";
				PRODUCT_BUNDLE_IDENTIFIER = com.lish.JenkinsTestUITests;
				PRODUCT_NAME = "$(TARGET_NAME)";
				TARGETED_DEVICE_FAMILY = "1,2";
				TEST_TARGET_NAME = JenkinsTest;
			};
			name = Release;
		};
/* End XCBuildConfiguration section */

/* Begin XCConfigurationList section */
		C15F024A20639ECE0052E7C4 /* Build configuration list for PBXProject "JenkinsTest" */ = {
			isa = XCConfigurationList;
			buildConfigurations = (
				C15F027920639ECE0052E7C4 /* Debug */,
				C15F027A20639ECE0052E7C4 /* Release */,
			);
			defaultConfigurationIsVisible = 0;
			defaultConfigurationName = Release;
		};
		C15F027B20639ECE0052E7C4 /* Build configuration list for PBXNativeTarget "JenkinsTest" */ = {
			isa = XCConfigurationList;
			buildConfigurations = (
				C15F027C20639ECE0052E7C4 /* Debug */,
				C15F027D20639ECE0052E7C4 /* Release */,
			);
			defaultConfigurationIsVisible = 0;
			defaultConfigurationName = Release;
		};
		C15F027E20639ECE0052E7C4 /* Build configuration list for PBXNativeTarget "JenkinsTestTests" */ = {
			isa = XCConfigurationList;
			buildConfigurations = (
				C15F027F20639ECE0052E7C4 /* Debug */,
				C15F028020639ECE0052E7C4 /* Release */,
			);
			defaultConfigurationIsVisible = 0;
			defaultConfigurationName = Release;
		};
		C15F028120639ECE0052E7C4 /* Build configuration list for PBXNativeTarget "JenkinsTestUITests" */ = {
			isa = XCConfigurationList;
			buildConfigurations = (
				C15F028220639ECE0052E7C4 /* Debug */,
				C15F028320639ECE0052E7C4 /* Release */,
			);
			defaultConfigurationIsVisible = 0;
			defaultConfigurationName = Release;
		};
/* End XCConfigurationList section */
	};
	rootObject = C15F024720639ECE0052E7C4 /* Project object */;
}
